
Microsoft Visual Studio Solution File, Format Version 12.00
# Visual Studio Version 16
VisualStudioVersion = 16.0.32802.440
MinimumVisualStudioVersion = 10.0.40219.1
Project("{FAE04EC0-301F-11D3-BF4B-00C04F79EFBC}") = "0215", "0215\0215.csproj", "{1A89054B-D03C-4278-B097-1299E36784F7}"
EndProject
Global
	GlobalSection(SolutionConfigurationPlatforms) = preSolution
		Debug|Any CPU = Debug|Any CPU
		Release|Any CPU = Release|Any CPU
	EndGlobalSection
	GlobalSection(ProjectConfigurationPlatforms) = postSolution
		{1A89054B-D03C-4278-B097-1299E36784F7}.Debug|Any CPU.ActiveCfg = Debug|Any CPU
		{1A89054B-D03C-4278-B097-1299E36784F7}.Debug|Any CPU.Build.0 = Debug|Any CPU
		{1A89054B-D03C-4278-B097-1299E36784F7}.Release|Any CPU.ActiveCfg = Release|Any CPU
		{1A89054B-D03C-4278-B097-1299E36784F7}.Release|Any CPU.Build.0 = Release|Any CPU
	EndGlobalSection
	GlobalSection(SolutionProperties) = preSolution
		HideSolutionNode = FALSE
	EndGlobalSection
	GlobalSection(ExtensibilityGlobals) = postSolution
		SolutionGuid = {D338AD58-232A-4E13-BC73-DF9D32D4A1C1}
	EndGlobalSection
EndGlobal
